<?xml version="1.0" encoding="utf-8"?>
<Project ToolsVersion="4.0" xmlns="http://schemas.microsoft.com/developer/msbuild/2003">
  <ItemGroup>
    <Filter Include="Source Files">
      <UniqueIdentifier>{4FC737F1-C7A5-4376-A066-2A32D752A2FF}</UniqueIdentifier>
      <Extensions>cpp;c;cc;cxx;def;odl;idl;hpj;bat;asm;asmx</Extensions>
    </Filter>
    <Filter Include="Header Files">
      <UniqueIdentifier>{93995380-89BD-4b04-88EB-625FBE52EBFB}</UniqueIdentifier>
      <Extensions>h;hh;hpp;hxx;hm;inl;inc;ipp;xsd</Extensions>
    </Filter>
    <Filter Include="Resource Files">
      <UniqueIdentifier>{67DA6AB6-F800-4c08-8B7A-83BB121AAD01}</UniqueIdentifier>
      <Extensions>rc;ico;cur;bmp;dlg;rc2;rct;bin;rgs;gif;jpg;jpeg;jpe;resx;tiff;tif;png;wav;mfcribbon-ms</Extensions>
    </Filter>
    <Filter Include="Header Files\InsuranceProducts">
      <UniqueIdentifier>{75b120c8-ca22-4635-8b39-dabe7b02585b}</UniqueIdentifier>
    </Filter>
    <Filter Include="Source Files\InsuranceProductsCPP">
      <UniqueIdentifier>{67f27918-4297-4e49-9c8f-35ab51dee69a}</UniqueIdentifier>
    </Filter>
  </ItemGroup>
  <ItemGroup>
    <ClCompile Include="MainWindow.cpp">
      <Filter>Header Files</Filter>
    </ClCompile>
    <ClCompile Include="customerDana.cpp">
      <Filter>Header Files</Filter>
    </ClCompile>
    <ClCompile Include="UserData.cpp">
      <Filter>Header Files</Filter>
    </ClCompile>
    <ClCompile Include="InsuranceToChoose.cpp">
      <Filter>Header Files</Filter>
    </ClCompile>
    <ClCompile Include="Car.cpp">
      <Filter>Source Files</Filter>
    </ClCompile>
    <ClCompile Include="CarBrand.cpp">
      <Filter>Source Files</Filter>
    </ClCompile>
    <ClCompile Include="User.cpp">
      <Filter>Source Files</Filter>
    </ClCompile>
    <ClCompile Include="Insurance.cpp">
      <Filter>Source Files</Filter>
    </ClCompile>
    <ClCompile Include="AC.cpp">
      <Filter>Source Files\InsuranceProductsCPP</Filter>
    </ClCompile>
    <ClCompile Include="OC.cpp">
      <Filter>Source Files\InsuranceProductsCPP</Filter>
    </ClCompile>
    <ClCompile Include="NNW.cpp">
      <Filter>Source Files\InsuranceProductsCPP</Filter>
    </ClCompile>
    <ClCompile Include="ASS.cpp">
      <Filter>Source Files\InsuranceProductsCPP</Filter>
    </ClCompile>
    <ClCompile Include="Summary.cpp">
      <Filter>Header Files</Filter>
    </ClCompile>
    <ClCompile Include="Contcat.cpp">
      <Filter>Header Files</Filter>
    </ClCompile>
  </ItemGroup>
  <ItemGroup>
    <ClInclude Include="MainWindow.h">
      <Filter>Header Files</Filter>
    </ClInclude>
    <ClInclude Include="CustomerData.h">
      <Filter>Header Files</Filter>
    </ClInclude>
    <ClInclude Include="UserData.h">
      <Filter>Header Files</Filter>
    </ClInclude>
    <ClInclude Include="InsuranceToChoose.h">
      <Filter>Header Files</Filter>
    </ClInclude>
    <ClInclude Include="Car.h">
      <Filter>Header Files</Filter>
    </ClInclude>
    <ClInclude Include="CarBrand.h">
      <Filter>Header Files</Filter>
    </ClInclude>
    <ClInclude Include="User.h">
      <Filter>Header Files</Filter>
    </ClInclude>
    <ClInclude Include="Insurance.h">
      <Filter>Header Files</Filter>
    </ClInclude>
    <ClInclude Include="AC.h">
      <Filter>Header Files\InsuranceProducts</Filter>
    </ClInclude>
    <ClInclude Include="OC.h">
      <Filter>Header Files\InsuranceProducts</Filter>
    </ClInclude>
    <ClInclude Include="NNW.h">
      <Filter>Header Files\InsuranceProducts</Filter>
    </ClInclude>
    <ClInclude Include="ASS.h">
      <Filter>Header Files\InsuranceProducts</Filter>
    </ClInclude>
    <ClInclude Include="Summary.h">
      <Filter>Header Files</Filter>
    </ClInclude>
    <ClInclude Include="Contact.h">
      <Filter>Header Files</Filter>
    </ClInclude>
  </ItemGroup>
  <ItemGroup>
    <EmbeddedResource Include="MainWindow.resx">
      <Filter>Resource Files</Filter>
    </EmbeddedResource>
    <EmbeddedResource Include="CustomerData.resx">
      <Filter>Resource Files</Filter>
    </EmbeddedResource>
    <EmbeddedResource Include="UserData.resx">
      <Filter>Resource Files</Filter>
    </EmbeddedResource>
    <EmbeddedResource Include="InsuranceToChoose.resx">
      <Filter>Resource Files</Filter>
    </EmbeddedResource>
    <EmbeddedResource Include="Summary.resx">
      <Filter>Resource Files</Filter>
    </EmbeddedResource>
    <EmbeddedResource Include="Contact.resx">
      <Filter>Resource Files</Filter>
    </EmbeddedResource>
  </ItemGroup>
</Project>